{
  "name": "@getmarrow/install",
  "version": "0.1.57",
  "lockfileVersion": 3,
  "requires": true,
  "packages": {
    "": {
      "name": "@getmarrow/install",
      "version": "0.1.57",
      "license": "MIT",
      "bin": {
        "marrow-install": "bin/marrow-install.js"
      },
      "engines": {
        "node": ">=18"
      }
    }
  }
}
